
Microsoft Visual Studio Solution File, Format Version 12.00
Project("{2150E333-8FDC-42A3-9474-1A3956D46DE8}") = "src", "src", "{17C87ED3-8F98-4CD6-B3FD-0D010F4A80BC}"
EndProject
Project("{FAE04EC0-301F-11D3-BF4B-00C04F79EFBC}") = "Teppi.WebApi", "src\Teppi.WebApi\Teppi.WebApi.csproj", "{7F68FA87-61ED-4CBE-A641-5016FD5B1CDA}"
EndProject
Project("{FAE04EC0-301F-11D3-BF4B-00C04F79EFBC}") = "Teppi.Application", "src\Teppi.Application\Teppi.Application.csproj", "{5851464A-2502-4E82-BB54-677C5F9E35A4}"
EndProject
Project("{FAE04EC0-301F-11D3-BF4B-00C04F79EFBC}") = "Teppi.Share", "src\Teppi.Share\Teppi.Share.csproj", "{15AC57D3-9DC1-47E0-A3F2-D78F3E3C11AC}"
EndProject
Project("{FAE04EC0-301F-11D3-BF4B-00C04F79EFBC}") = "Teppi.Data", "src\Teppi.Data\Teppi.Data.csproj", "{F39623A1-E074-486C-AC92-67682F091FEE}"
EndProject
Project("{2150E333-8FDC-42A3-9474-1A3956D46DE8}") = "test", "test", "{F33070EC-B474-4796-9444-CABA604C2BB9}"
EndProject
Project("{FAE04EC0-301F-11D3-BF4B-00C04F79EFBC}") = "Teppi.UnitTest", "Teppi.UnitTest\Teppi.UnitTest.csproj", "{597EFD86-B5DE-47B7-9564-E62E6E9FD1B1}"
EndProject
Project("{FAE04EC0-301F-11D3-BF4B-00C04F79EFBC}") = "Teppi.IntegrationTest", "Teppi.IntegrationTest\Teppi.IntegrationTest.csproj", "{3C53C4D5-9D08-405D-90D8-994D53572B2D}"
EndProject
Global
	GlobalSection(SolutionConfigurationPlatforms) = preSolution
		Debug|Any CPU = Debug|Any CPU
		Release|Any CPU = Release|Any CPU
	EndGlobalSection
	GlobalSection(ProjectConfigurationPlatforms) = postSolution
		{7F68FA87-61ED-4CBE-A641-5016FD5B1CDA}.Debug|Any CPU.ActiveCfg = Debug|Any CPU
		{7F68FA87-61ED-4CBE-A641-5016FD5B1CDA}.Debug|Any CPU.Build.0 = Debug|Any CPU
		{7F68FA87-61ED-4CBE-A641-5016FD5B1CDA}.Release|Any CPU.ActiveCfg = Release|Any CPU
		{7F68FA87-61ED-4CBE-A641-5016FD5B1CDA}.Release|Any CPU.Build.0 = Release|Any CPU
		{5851464A-2502-4E82-BB54-677C5F9E35A4}.Debug|Any CPU.ActiveCfg = Debug|Any CPU
		{5851464A-2502-4E82-BB54-677C5F9E35A4}.Debug|Any CPU.Build.0 = Debug|Any CPU
		{5851464A-2502-4E82-BB54-677C5F9E35A4}.Release|Any CPU.ActiveCfg = Release|Any CPU
		{5851464A-2502-4E82-BB54-677C5F9E35A4}.Release|Any CPU.Build.0 = Release|Any CPU
		{15AC57D3-9DC1-47E0-A3F2-D78F3E3C11AC}.Debug|Any CPU.ActiveCfg = Debug|Any CPU
		{15AC57D3-9DC1-47E0-A3F2-D78F3E3C11AC}.Debug|Any CPU.Build.0 = Debug|Any CPU
		{15AC57D3-9DC1-47E0-A3F2-D78F3E3C11AC}.Release|Any CPU.ActiveCfg = Release|Any CPU
		{15AC57D3-9DC1-47E0-A3F2-D78F3E3C11AC}.Release|Any CPU.Build.0 = Release|Any CPU
		{F39623A1-E074-486C-AC92-67682F091FEE}.Debug|Any CPU.ActiveCfg = Debug|Any CPU
		{F39623A1-E074-486C-AC92-67682F091FEE}.Debug|Any CPU.Build.0 = Debug|Any CPU
		{F39623A1-E074-486C-AC92-67682F091FEE}.Release|Any CPU.ActiveCfg = Release|Any CPU
		{F39623A1-E074-486C-AC92-67682F091FEE}.Release|Any CPU.Build.0 = Release|Any CPU
		{597EFD86-B5DE-47B7-9564-E62E6E9FD1B1}.Debug|Any CPU.ActiveCfg = Debug|Any CPU
		{597EFD86-B5DE-47B7-9564-E62E6E9FD1B1}.Debug|Any CPU.Build.0 = Debug|Any CPU
		{597EFD86-B5DE-47B7-9564-E62E6E9FD1B1}.Release|Any CPU.ActiveCfg = Release|Any CPU
		{597EFD86-B5DE-47B7-9564-E62E6E9FD1B1}.Release|Any CPU.Build.0 = Release|Any CPU
		{3C53C4D5-9D08-405D-90D8-994D53572B2D}.Debug|Any CPU.ActiveCfg = Debug|Any CPU
		{3C53C4D5-9D08-405D-90D8-994D53572B2D}.Debug|Any CPU.Build.0 = Debug|Any CPU
		{3C53C4D5-9D08-405D-90D8-994D53572B2D}.Release|Any CPU.ActiveCfg = Release|Any CPU
		{3C53C4D5-9D08-405D-90D8-994D53572B2D}.Release|Any CPU.Build.0 = Release|Any CPU
	EndGlobalSection
	GlobalSection(NestedProjects) = preSolution
		{7F68FA87-61ED-4CBE-A641-5016FD5B1CDA} = {17C87ED3-8F98-4CD6-B3FD-0D010F4A80BC}
		{5851464A-2502-4E82-BB54-677C5F9E35A4} = {17C87ED3-8F98-4CD6-B3FD-0D010F4A80BC}
		{15AC57D3-9DC1-47E0-A3F2-D78F3E3C11AC} = {17C87ED3-8F98-4CD6-B3FD-0D010F4A80BC}
		{F39623A1-E074-486C-AC92-67682F091FEE} = {17C87ED3-8F98-4CD6-B3FD-0D010F4A80BC}
		{597EFD86-B5DE-47B7-9564-E62E6E9FD1B1} = {F33070EC-B474-4796-9444-CABA604C2BB9}
		{3C53C4D5-9D08-405D-90D8-994D53572B2D} = {F33070EC-B474-4796-9444-CABA604C2BB9}
	EndGlobalSection
EndGlobal
